// !$*UTF8*$!
{
	archiveVersion = 1;
	classes = {
	};
	objectVersion = 46;
	objects = {

/* Begin PBXBuildFile section */
		6200873818F05B7D0006B4D8 /* Foundation.framework in Frameworks */ = {isa = PBXBuildFile; fileRef = 6200873718F05B7D0006B4D8 /* Foundation.framework */; };
		6200873A18F05B7D0006B4D8 /* CoreGraphics.framework in Frameworks */ = {isa = PBXBuildFile; fileRef = 6200873918F05B7D0006B4D8 /* CoreGraphics.framework */; };
		6200873C18F05B7D0006B4D8 /* UIKit.framework in Frameworks */ = {isa = PBXBuildFile; fileRef = 6200873B18F05B7D0006B4D8 /* UIKit.framework */; };
		6200874218F05B7D0006B4D8 /* InfoPlist.strings in Resources */ = {isa = PBXBuildFile; fileRef = 6200874018F05B7D0006B4D8 /* InfoPlist.strings */; };
		6200874418F05B7D0006B4D8 /* main.m in Sources */ = {isa = PBXBuildFile; fileRef = 6200874318F05B7D0006B4D8 /* main.m */; };
		6200874818F05B7D0006B4D8 /* ADAppDelegate.m in Sources */ = {isa = PBXBuildFile; fileRef = 6200874718F05B7D0006B4D8 /* ADAppDelegate.m */; };
		6200874B18F05B7D0006B4D8 /* Main.iPhone.storyboard in Resources */ = {isa = PBXBuildFile; fileRef = 6200874918F05B7D0006B4D8 /* Main.iPhone.storyboard */; };
		6200874E18F05B7D0006B4D8 /* ADViewController.m in Sources */ = {isa = PBXBuildFile; fileRef = 6200874D18F05B7D0006B4D8 /* ADViewController.m */; };
		6200875018F05B7D0006B4D8 /* Images.xcassets in Resources */ = {isa = PBXBuildFile; fileRef = 6200874F18F05B7D0006B4D8 /* Images.xcassets */; };
		6200875718F05B7E0006B4D8 /* XCTest.framework in Frameworks */ = {isa = PBXBuildFile; fileRef = 6200875618F05B7E0006B4D8 /* XCTest.framework */; };
		6200875818F05B7E0006B4D8 /* Foundation.framework in Frameworks */ = {isa = PBXBuildFile; fileRef = 6200873718F05B7D0006B4D8 /* Foundation.framework */; };
		6200875918F05B7E0006B4D8 /* UIKit.framework in Frameworks */ = {isa = PBXBuildFile; fileRef = 6200873B18F05B7D0006B4D8 /* UIKit.framework */; };
		6200876118F05B7E0006B4D8 /* InfoPlist.strings in Resources */ = {isa = PBXBuildFile; fileRef = 6200875F18F05B7E0006B4D8 /* InfoPlist.strings */; };
		6200876318F05B7E0006B4D8 /* Race_To_The_TopTests.m in Sources */ = {isa = PBXBuildFile; fileRef = 6200876218F05B7E0006B4D8 /* Race_To_The_TopTests.m */; };
		6200876E18F05BE80006B4D8 /* ADSpaceShipView.m in Sources */ = {isa = PBXBuildFile; fileRef = 6200876D18F05BE80006B4D8 /* ADSpaceShipView.m */; };
		620087B618F062A40006B4D8 /* Main.iPad.storyboard in Resources */ = {isa = PBXBuildFile; fileRef = 620087B518F062A40006B4D8 /* Main.iPad.storyboard */; };
		620087B818F064C70006B4D8 /* Mount_Fuji_and_Mount_Hoei.jpg in Resources */ = {isa = PBXBuildFile; fileRef = 620087B718F064C70006B4D8 /* Mount_Fuji_and_Mount_Hoei.jpg */; };
		620087BB18F066BF0006B4D8 /* ADMountainPath.m in Sources */ = {isa = PBXBuildFile; fileRef = 620087BA18F066BF0006B4D8 /* ADMountainPath.m */; };
		620087BE18F0A3020006B4D8 /* ADPathView.m in Sources */ = {isa = PBXBuildFile; fileRef = 620087BD18F0A3020006B4D8 /* ADPathView.m */; };
/* End PBXBuildFile section */

/* Begin PBXContainerItemProxy section */
		6200875A18F05B7E0006B4D8 /* PBXContainerItemProxy */ = {
			isa = PBXContainerItemProxy;
			containerPortal = 6200872C18F05B7D0006B4D8 /* Project object */;
			proxyType = 1;
			remoteGlobalIDString = 6200873318F05B7D0006B4D8;
			remoteInfo = "Race To The Top";
		};
/* End PBXContainerItemProxy section */

/* Begin PBXFileReference section */
		6200873418F05B7D0006B4D8 /* Race To The Top.app */ = {isa = PBXFileReference; explicitFileType = wrapper.application; includeInIndex = 0; path = "Race To The Top.app"; sourceTree = BUILT_PRODUCTS_DIR; };
		6200873718F05B7D0006B4D8 /* Foundation.framework */ = {isa = PBXFileReference; lastKnownFileType = wrapper.framework; name = Foundation.framework; path = System/Library/Frameworks/Foundation.framework; sourceTree = SDKROOT; };
		6200873918F05B7D0006B4D8 /* CoreGraphics.framework */ = {isa = PBXFileReference; lastKnownFileType = wrapper.framework; name = CoreGraphics.framework; path = System/Library/Frameworks/CoreGraphics.framework; sourceTree = SDKROOT; };
		6200873B18F05B7D0006B4D8 /* UIKit.framework */ = {isa = PBXFileReference; lastKnownFileType = wrapper.framework; name = UIKit.framework; path = System/Library/Frameworks/UIKit.framework; sourceTree = SDKROOT; };
		6200873F18F05B7D0006B4D8 /* Race To The Top-Info.plist */ = {isa = PBXFileReference; lastKnownFileType = text.plist.xml; path = "Race To The Top-Info.plist"; sourceTree = "<group>"; };
		6200874118F05B7D0006B4D8 /* en */ = {isa = PBXFileReference; lastKnownFileType = text.plist.strings; name = en; path = en.lproj/InfoPlist.strings; sourceTree = "<group>"; };
		6200874318F05B7D0006B4D8 /* main.m */ = {isa = PBXFileReference; lastKnownFileType = sourcecode.c.objc; path = main.m; sourceTree = "<group>"; };
		6200874518F05B7D0006B4D8 /* Race To The Top-Prefix.pch */ = {isa = PBXFileReference; lastKnownFileType = sourcecode.c.h; path = "Race To The Top-Prefix.pch"; sourceTree = "<group>"; };
		6200874618F05B7D0006B4D8 /* ADAppDelegate.h */ = {isa = PBXFileReference; lastKnownFileType = sourcecode.c.h; path = ADAppDelegate.h; sourceTree = "<group>"; };
		6200874718F05B7D0006B4D8 /* ADAppDelegate.m */ = {isa = PBXFileReference; lastKnownFileType = sourcecode.c.objc; path = ADAppDelegate.m; sourceTree = "<group>"; };
		6200874A18F05B7D0006B4D8 /* Base */ = {isa = PBXFileReference; lastKnownFileType = file.storyboard; name = Base; path = Base.lproj/Main.iPhone.storyboard; sourceTree = "<group>"; };
		6200874C18F05B7D0006B4D8 /* ADViewController.h */ = {isa = PBXFileReference; lastKnownFileType = sourcecode.c.h; path = ADViewController.h; sourceTree = "<group>"; };
		6200874D18F05B7D0006B4D8 /* ADViewController.m */ = {isa = PBXFileReference; lastKnownFileType = sourcecode.c.objc; path = ADViewController.m; sourceTree = "<group>"; };
		6200874F18F05B7D0006B4D8 /* Images.xcassets */ = {isa = PBXFileReference; lastKnownFileType = folder.assetcatalog; path = Images.xcassets; sourceTree = "<group>"; };
		6200875518F05B7E0006B4D8 /* Race To The TopTests.xctest */ = {isa = PBXFileReference; explicitFileType = wrapper.cfbundle; includeInIndex = 0; path = "Race To The TopTests.xctest"; sourceTree = BUILT_PRODUCTS_DIR; };
		6200875618F05B7E0006B4D8 /* XCTest.framework */ = {isa = PBXFileReference; lastKnownFileType = wrapper.framework; name = XCTest.framework; path = Library/Frameworks/XCTest.framework; sourceTree = DEVELOPER_DIR; };
		6200875E18F05B7E0006B4D8 /* Race To The TopTests-Info.plist */ = {isa = PBXFileReference; lastKnownFileType = text.plist.xml; path = "Race To The TopTests-Info.plist"; sourceTree = "<group>"; };
		6200876018F05B7E0006B4D8 /* en */ = {isa = PBXFileReference; lastKnownFileType = text.plist.strings; name = en; path = en.lproj/InfoPlist.strings; sourceTree = "<group>"; };
		6200876218F05B7E0006B4D8 /* Race_To_The_TopTests.m */ = {isa = PBXFileReference; lastKnownFileType = sourcecode.c.objc; path = Race_To_The_TopTests.m; sourceTree = "<group>"; };
		6200876C18F05BE80006B4D8 /* ADSpaceShipView.h */ = {isa = PBXFileReference; fileEncoding = 4; lastKnownFileType = sourcecode.c.h; path = ADSpaceShipView.h; sourceTree = "<group>"; };
		6200876D18F05BE80006B4D8 /* ADSpaceShipView.m */ = {isa = PBXFileReference; fileEncoding = 4; lastKnownFileType = sourcecode.c.objc; path = ADSpaceShipView.m; sourceTree = "<group>"; };
		620087B518F062A40006B4D8 /* Main.iPad.storyboard */ = {isa = PBXFileReference; fileEncoding = 4; lastKnownFileType = file.storyboard; name = Main.iPad.storyboard; path = ../Main.iPad.storyboard; sourceTree = "<group>"; };
		620087B718F064C70006B4D8 /* Mount_Fuji_and_Mount_Hoei.jpg */ = {isa = PBXFileReference; lastKnownFileType = image.jpeg; path = Mount_Fuji_and_Mount_Hoei.jpg; sourceTree = "<group>"; };
		620087B918F066BF0006B4D8 /* ADMountainPath.h */ = {isa = PBXFileReference; fileEncoding = 4; lastKnownFileType = sourcecode.c.h; path = ADMountainPath.h; sourceTree = "<group>"; };
		620087BA18F066BF0006B4D8 /* ADMountainPath.m */ = {isa = PBXFileReference; fileEncoding = 4; lastKnownFileType = sourcecode.c.objc; path = ADMountainPath.m; sourceTree = "<group>"; };
		620087BC18F0A3020006B4D8 /* ADPathView.h */ = {isa = PBXFileReference; fileEncoding = 4; lastKnownFileType = sourcecode.c.h; path = ADPathView.h; sourceTree = "<group>"; };
		620087BD18F0A3020006B4D8 /* ADPathView.m */ = {isa = PBXFileReference; fileEncoding = 4; lastKnownFileType = sourcecode.c.objc; path = ADPathView.m; sourceTree = "<group>"; };
/* End PBXFileReference section */

/* Begin PBXFrameworksBuildPhase section */
		6200873118F05B7D0006B4D8 /* Frameworks */ = {
			isa = PBXFrameworksBuildPhase;
			buildActionMask = 2147483647;
			files = (
				6200873A18F05B7D0006B4D8 /* CoreGraphics.framework in Frameworks */,
				6200873C18F05B7D0006B4D8 /* UIKit.framework in Frameworks */,
				6200873818F05B7D0006B4D8 /* Foundation.framework in Frameworks */,
			);
			runOnlyForDeploymentPostprocessing = 0;
		};
		6200875218F05B7E0006B4D8 /* Frameworks */ = {
			isa = PBXFrameworksBuildPhase;
			buildActionMask = 2147483647;
			files = (
				6200875718F05B7E0006B4D8 /* XCTest.framework in Frameworks */,
				6200875918F05B7E0006B4D8 /* UIKit.framework in Frameworks */,
				6200875818F05B7E0006B4D8 /* Foundation.framework in Frameworks */,
			);
			runOnlyForDeploymentPostprocessing = 0;
		};
/* End PBXFrameworksBuildPhase section */

/* Begin PBXGroup section */
		6200872B18F05B7D0006B4D8 = {
			isa = PBXGroup;
			children = (
				6200873D18F05B7D0006B4D8 /* Race To The Top */,
				6200875C18F05B7E0006B4D8 /* Race To The TopTests */,
				6200873618F05B7D0006B4D8 /* Frameworks */,
				6200873518F05B7D0006B4D8 /* Products */,
			);
			sourceTree = "<group>";
		};
		6200873518F05B7D0006B4D8 /* Products */ = {
			isa = PBXGroup;
			children = (
				6200873418F05B7D0006B4D8 /* Race To The Top.app */,
				6200875518F05B7E0006B4D8 /* Race To The TopTests.xctest */,
			);
			name = Products;
			sourceTree = "<group>";
		};
		6200873618F05B7D0006B4D8 /* Frameworks */ = {
			isa = PBXGroup;
			children = (
				6200873718F05B7D0006B4D8 /* Foundation.framework */,
				6200873918F05B7D0006B4D8 /* CoreGraphics.framework */,
				6200873B18F05B7D0006B4D8 /* UIKit.framework */,
				6200875618F05B7E0006B4D8 /* XCTest.framework */,
			);
			name = Frameworks;
			sourceTree = "<group>";
		};
		6200873D18F05B7D0006B4D8 /* Race To The Top */ = {
			isa = PBXGroup;
			children = (
				6200874618F05B7D0006B4D8 /* ADAppDelegate.h */,
				6200874718F05B7D0006B4D8 /* ADAppDelegate.m */,
				6200874918F05B7D0006B4D8 /* Main.iPhone.storyboard */,
				620087B518F062A40006B4D8 /* Main.iPad.storyboard */,
				620087BC18F0A3020006B4D8 /* ADPathView.h */,
				620087BD18F0A3020006B4D8 /* ADPathView.m */,
				620087B918F066BF0006B4D8 /* ADMountainPath.h */,
				620087BA18F066BF0006B4D8 /* ADMountainPath.m */,
				6200876C18F05BE80006B4D8 /* ADSpaceShipView.h */,
				6200876D18F05BE80006B4D8 /* ADSpaceShipView.m */,
				6200874C18F05B7D0006B4D8 /* ADViewController.h */,
				6200874D18F05B7D0006B4D8 /* ADViewController.m */,
				6200874F18F05B7D0006B4D8 /* Images.xcassets */,
				6200873E18F05B7D0006B4D8 /* Supporting Files */,
			);
			path = "Race To The Top";
			sourceTree = "<group>";
		};
		6200873E18F05B7D0006B4D8 /* Supporting Files */ = {
			isa = PBXGroup;
			children = (
				620087B718F064C70006B4D8 /* Mount_Fuji_and_Mount_Hoei.jpg */,
				6200873F18F05B7D0006B4D8 /* Race To The Top-Info.plist */,
				6200874018F05B7D0006B4D8 /* InfoPlist.strings */,
				6200874318F05B7D0006B4D8 /* main.m */,
				6200874518F05B7D0006B4D8 /* Race To The Top-Prefix.pch */,
			);
			name = "Supporting Files";
			sourceTree = "<group>";
		};
		6200875C18F05B7E0006B4D8 /* Race To The TopTests */ = {
			isa = PBXGroup;
			children = (
				6200876218F05B7E0006B4D8 /* Race_To_The_TopTests.m */,
				6200875D18F05B7E0006B4D8 /* Supporting Files */,
			);
			path = "Race To The TopTests";
			sourceTree = "<group>";
		};
		6200875D18F05B7E0006B4D8 /* Supporting Files */ = {
			isa = PBXGroup;
			children = (
				6200875E18F05B7E0006B4D8 /* Race To The TopTests-Info.plist */,
				6200875F18F05B7E0006B4D8 /* InfoPlist.strings */,
			);
			name = "Supporting Files";
			sourceTree = "<group>";
		};
/* End PBXGroup section */

/* Begin PBXNativeTarget section */
		6200873318F05B7D0006B4D8 /* Race To The Top */ = {
			isa = PBXNativeTarget;
			buildConfigurationList = 6200876618F05B7E0006B4D8 /* Build configuration list for PBXNativeTarget "Race To The Top" */;
			buildPhases = (
				6200873018F05B7D0006B4D8 /* Sources */,
				6200873118F05B7D0006B4D8 /* Frameworks */,
				6200873218F05B7D0006B4D8 /* Resources */,
			);
			buildRules = (
			);
			dependencies = (
			);
			name = "Race To The Top";
			productName = "Race To The Top";
			productReference = 6200873418F05B7D0006B4D8 /* Race To The Top.app */;
			productType = "com.apple.product-type.application";
		};
		6200875418F05B7E0006B4D8 /* Race To The TopTests */ = {
			isa = PBXNativeTarget;
			buildConfigurationList = 6200876918F05B7E0006B4D8 /* Build configuration list for PBXNativeTarget "Race To The TopTests" */;
			buildPhases = (
				6200875118F05B7E0006B4D8 /* Sources */,
				6200875218F05B7E0006B4D8 /* Frameworks */,
				6200875318F05B7E0006B4D8 /* Resources */,
			);
			buildRules = (
			);
			dependencies = (
				6200875B18F05B7E0006B4D8 /* PBXTargetDependency */,
			);
			name = "Race To The TopTests";
			productName = "Race To The TopTests";
			productReference = 6200875518F05B7E0006B4D8 /* Race To The TopTests.xctest */;
			productType = "com.apple.product-type.bundle.unit-test";
		};
/* End PBXNativeTarget section */

/* Begin PBXProject section */
		6200872C18F05B7D0006B4D8 /* Project object */ = {
			isa = PBXProject;
			attributes = {
				CLASSPREFIX = AD;
				LastUpgradeCheck = 0510;
				ORGANIZATIONNAME = "Angeleah Daidone";
				TargetAttributes = {
					6200875418F05B7E0006B4D8 = {
						TestTargetID = 6200873318F05B7D0006B4D8;
					};
				};
			};
			buildConfigurationList = 6200872F18F05B7D0006B4D8 /* Build configuration list for PBXProject "Race To The Top" */;
			compatibilityVersion = "Xcode 3.2";
			developmentRegion = English;
			hasScannedForEncodings = 0;
			knownRegions = (
				en,
				Base,
			);
			mainGroup = 6200872B18F05B7D0006B4D8;
			productRefGroup = 6200873518F05B7D0006B4D8 /* Products */;
			projectDirPath = "";
			projectRoot = "";
			targets = (
				6200873318F05B7D0006B4D8 /* Race To The Top */,
				6200875418F05B7E0006B4D8 /* Race To The TopTests */,
			);
		};
/* End PBXProject section */

/* Begin PBXResourcesBuildPhase section */
		6200873218F05B7D0006B4D8 /* Resources */ = {
			isa = PBXResourcesBuildPhase;
			buildActionMask = 2147483647;
			files = (
				620087B618F062A40006B4D8 /* Main.iPad.storyboard in Resources */,
				6200875018F05B7D0006B4D8 /* Images.xcassets in Resources */,
				620087B818F064C70006B4D8 /* Mount_Fuji_and_Mount_Hoei.jpg in Resources */,
				6200874218F05B7D0006B4D8 /* InfoPlist.strings in Resources */,
				6200874B18F05B7D0006B4D8 /* Main.iPhone.storyboard in Resources */,
			);
			runOnlyForDeploymentPostprocessing = 0;
		};
		6200875318F05B7E0006B4D8 /* Resources */ = {
			isa = PBXResourcesBuildPhase;
			buildActionMask = 2147483647;
			files = (
				6200876118F05B7E0006B4D8 /* InfoPlist.strings in Resources */,
			);
			runOnlyForDeploymentPostprocessing = 0;
		};
/* End PBXResourcesBuildPhase section */

/* Begin PBXSourcesBuildPhase section */
		6200873018F05B7D0006B4D8 /* Sources */ = {
			isa = PBXSourcesBuildPhase;
			buildActionMask = 2147483647;
			files = (
				620087BE18F0A3020006B4D8 /* ADPathView.m in Sources */,
				6200876E18F05BE80006B4D8 /* ADSpaceShipView.m in Sources */,
				6200874418F05B7D0006B4D8 /* main.m in Sources */,
				6200874E18F05B7D0006B4D8 /* ADViewController.m in Sources */,
				620087BB18F066BF0006B4D8 /* ADMountainPath.m in Sources */,
				6200874818F05B7D0006B4D8 /* ADAppDelegate.m in Sources */,
			);
			runOnlyForDeploymentPostprocessing = 0;
		};
		6200875118F05B7E0006B4D8 /* Sources */ = {
			isa = PBXSourcesBuildPhase;
			buildActionMask = 2147483647;
			files = (
				6200876318F05B7E0006B4D8 /* Race_To_The_TopTests.m in Sources */,
			);
			runOnlyForDeploymentPostprocessing = 0;
		};
/* End PBXSourcesBuildPhase section */

/* Begin PBXTargetDependency section */
		6200875B18F05B7E0006B4D8 /* PBXTargetDependency */ = {
			isa = PBXTargetDependency;
			target = 6200873318F05B7D0006B4D8 /* Race To The Top */;
			targetProxy = 6200875A18F05B7E0006B4D8 /* PBXContainerItemProxy */;
		};
/* End PBXTargetDependency section */

/* Begin PBXVariantGroup section */
		6200874018F05B7D0006B4D8 /* InfoPlist.strings */ = {
			isa = PBXVariantGroup;
			children = (
				6200874118F05B7D0006B4D8 /* en */,
			);
			name = InfoPlist.strings;
			sourceTree = "<group>";
		};
		6200874918F05B7D0006B4D8 /* Main.iPhone.storyboard */ = {
			isa = PBXVariantGroup;
			children = (
				6200874A18F05B7D0006B4D8 /* Base */,
			);
			name = Main.iPhone.storyboard;
			sourceTree = "<group>";
		};
		6200875F18F05B7E0006B4D8 /* InfoPlist.strings */ = {
			isa = PBXVariantGroup;
			children = (
				6200876018F05B7E0006B4D8 /* en */,
			);
			name = InfoPlist.strings;
			sourceTree = "<group>";
		};
/* End PBXVariantGroup section */

/* Begin XCBuildConfiguration section */
		6200876418F05B7E0006B4D8 /* Debug */ = {
			isa = XCBuildConfiguration;
			buildSettings = {
				ALWAYS_SEARCH_USER_PATHS = NO;
				CLANG_CXX_LANGUAGE_STANDARD = "gnu++0x";
				CLANG_CXX_LIBRARY = "libc++";
				CLANG_ENABLE_MODULES = YES;
				CLANG_ENABLE_OBJC_ARC = YES;
				CLANG_WARN_BOOL_CONVERSION = YES;
				CLANG_WARN_CONSTANT_CONVERSION = YES;
				CLANG_WARN_DIRECT_OBJC_ISA_USAGE = YES_ERROR;
				CLANG_WARN_EMPTY_BODY = YES;
				CLANG_WARN_ENUM_CONVERSION = YES;
				CLANG_WARN_INT_CONVERSION = YES;
				CLANG_WARN_OBJC_ROOT_CLASS = YES_ERROR;
				CLANG_WARN__DUPLICATE_METHOD_MATCH = YES;
				"CODE_SIGN_IDENTITY[sdk=iphoneos*]" = "iPhone Developer";
				COPY_PHASE_STRIP = NO;
				GCC_C_LANGUAGE_STANDARD = gnu99;
				GCC_DYNAMIC_NO_PIC = NO;
				GCC_OPTIMIZATION_LEVEL = 0;
				GCC_PREPROCESSOR_DEFINITIONS = (
					"DEBUG=1",
					"$(inherited)",
				);
				GCC_SYMBOLS_PRIVATE_EXTERN = NO;
				GCC_WARN_64_TO_32_BIT_CONVERSION = YES;
				GCC_WARN_ABOUT_RETURN_TYPE = YES_ERROR;
				GCC_WARN_UNDECLARED_SELECTOR = YES;
				GCC_WARN_UNINITIALIZED_AUTOS = YES_AGGRESSIVE;
				GCC_WARN_UNUSED_FUNCTION = YES;
				GCC_WARN_UNUSED_VARIABLE = YES;
				IPHONEOS_DEPLOYMENT_TARGET = 7.1;
				ONLY_ACTIVE_ARCH = YES;
				SDKROOT = iphoneos;
			};
			name = Debug;
		};
		6200876518F05B7E0006B4D8 /* Release */ = {
			isa = XCBuildConfiguration;
			buildSettings = {
				ALWAYS_SEARCH_USER_PATHS = NO;
				CLANG_CXX_LANGUAGE_STANDARD = "gnu++0x";
				CLANG_CXX_LIBRARY = "libc++";
				CLANG_ENABLE_MODULES = YES;
				CLANG_ENABLE_OBJC_ARC = YES;
				CLANG_WARN_BOOL_CONVERSION = YES;
				CLANG_WARN_CONSTANT_CONVERSION = YES;
				CLANG_WARN_DIRECT_OBJC_ISA_USAGE = YES_ERROR;
				CLANG_WARN_EMPTY_BODY = YES;
				CLANG_WARN_ENUM_CONVERSION = YES;
				CLANG_WARN_INT_CONVERSION = YES;
				CLANG_WARN_OBJC_ROOT_CLASS = YES_ERROR;
				CLANG_WARN__DUPLICATE_METHOD_MATCH = YES;
				"CODE_SIGN_IDENTITY[sdk=iphoneos*]" = "iPhone Developer";
				COPY_PHASE_STRIP = YES;
				ENABLE_NS_ASSERTIONS = NO;
				GCC_C_LANGUAGE_STANDARD = gnu99;
				GCC_WARN_64_TO_32_BIT_CONVERSION = YES;
				GCC_WARN_ABOUT_RETURN_TYPE = YES_ERROR;
				GCC_WARN_UNDECLARED_SELECTOR = YES;
				GCC_WARN_UNINITIALIZED_AUTOS = YES_AGGRESSIVE;
				GCC_WARN_UNUSED_FUNCTION = YES;
				GCC_WARN_UNUSED_VARIABLE = YES;
				IPHONEOS_DEPLOYMENT_TARGET = 7.1;
				SDKROOT = iphoneos;
				VALIDATE_PRODUCT = YES;
			};
			name = Release;
		};
		6200876718F05B7E0006B4D8 /* Debug */ = {
			isa = XCBuildConfiguration;
			buildSettings = {
				ASSETCATALOG_COMPILER_APPICON_NAME = AppIcon;
				ASSETCATALOG_COMPILER_LAUNCHIMAGE_NAME = LaunchImage;
				GCC_PRECOMPILE_PREFIX_HEADER = YES;
				GCC_PREFIX_HEADER = "Race To The Top/Race To The Top-Prefix.pch";
				INFOPLIST_FILE = "Race To The Top/Race To The Top-Info.plist";
				IPHONEOS_DEPLOYMENT_TARGET = 7.1;
				PRODUCT_NAME = "$(TARGET_NAME)";
				TARGETED_DEVICE_FAMILY = 2;
				WRAPPER_EXTENSION = app;
			};
			name = Debug;
		};
		6200876818F05B7E0006B4D8 /* Release */ = {
			isa = XCBuildConfiguration;
			buildSettings = {
				ASSETCATALOG_COMPILER_APPICON_NAME = AppIcon;
				ASSETCATALOG_COMPILER_LAUNCHIMAGE_NAME = LaunchImage;
				GCC_PRECOMPILE_PREFIX_HEADER = YES;
				GCC_PREFIX_HEADER = "Race To The Top/Race To The Top-Prefix.pch";
				INFOPLIST_FILE = "Race To The Top/Race To The Top-Info.plist";
				IPHONEOS_DEPLOYMENT_TARGET = 7.1;
				PRODUCT_NAME = "$(TARGET_NAME)";
				TARGETED_DEVICE_FAMILY = 2;
				WRAPPER_EXTENSION = app;
			};
			name = Release;
		};
		6200876A18F05B7E0006B4D8 /* Debug */ = {
			isa = XCBuildConfiguration;
			buildSettings = {
				BUNDLE_LOADER = "$(BUILT_PRODUCTS_DIR)/Race To The Top.app/Race To The Top";
				FRAMEWORK_SEARCH_PATHS = (
					"$(SDKROOT)/Developer/Library/Frameworks",
					"$(inherited)",
					"$(DEVELOPER_FRAMEWORKS_DIR)",
				);
				GCC_PRECOMPILE_PREFIX_HEADER = YES;
				GCC_PREFIX_HEADER = "Race To The Top/Race To The Top-Prefix.pch";
				GCC_PREPROCESSOR_DEFINITIONS = (
					"DEBUG=1",
					"$(inherited)",
				);
				INFOPLIST_FILE = "Race To The TopTests/Race To The TopTests-Info.plist";
				PRODUCT_NAME = "$(TARGET_NAME)";
				TEST_HOST = "$(BUNDLE_LOADER)";
				WRAPPER_EXTENSION = xctest;
			};
			name = Debug;
		};
		6200876B18F05B7E0006B4D8 /* Release */ = {
			isa = XCBuildConfiguration;
			buildSettings = {
				BUNDLE_LOADER = "$(BUILT_PRODUCTS_DIR)/Race To The Top.app/Race To The Top";
				FRAMEWORK_SEARCH_PATHS = (
					"$(SDKROOT)/Developer/Library/Frameworks",
					"$(inherited)",
					"$(DEVELOPER_FRAMEWORKS_DIR)",
				);
				GCC_PRECOMPILE_PREFIX_HEADER = YES;
				GCC_PREFIX_HEADER = "Race To The Top/Race To The Top-Prefix.pch";
				INFOPLIST_FILE = "Race To The TopTests/Race To The TopTests-Info.plist";
				PRODUCT_NAME = "$(TARGET_NAME)";
				TEST_HOST = "$(BUNDLE_LOADER)";
				WRAPPER_EXTENSION = xctest;
			};
			name = Release;
		};
/* End XCBuildConfiguration section */

/* Begin XCConfigurationList section */
		6200872F18F05B7D0006B4D8 /* Build configuration list for PBXProject "Race To The Top" */ = {
			isa = XCConfigurationList;
			buildConfigurations = (
				6200876418F05B7E0006B4D8 /* Debug */,
				6200876518F05B7E0006B4D8 /* Release */,
			);
			defaultConfigurationIsVisible = 0;
			defaultConfigurationName = Release;
		};
		6200876618F05B7E0006B4D8 /* Build configuration list for PBXNativeTarget "Race To The Top" */ = {
			isa = XCConfigurationList;
			buildConfigurations = (
				6200876718F05B7E0006B4D8 /* Debug */,
				6200876818F05B7E0006B4D8 /* Release */,
			);
			defaultConfigurationIsVisible = 0;
			defaultConfigurationName = Release;
		};
		6200876918F05B7E0006B4D8 /* Build configuration list for PBXNativeTarget "Race To The TopTests" */ = {
			isa = XCConfigurationList;
			buildConfigurations = (
				6200876A18F05B7E0006B4D8 /* Debug */,
				6200876B18F05B7E0006B4D8 /* Release */,
			);
			defaultConfigurationIsVisible = 0;
			defaultConfigurationName = Release;
		};
/* End XCConfigurationList section */
	};
	rootObject = 6200872C18F05B7D0006B4D8 /* Project object */;
}
